// !$*UTF8*$!
{
	archiveVersion = 1;
	classes = {
	};
	objectVersion = 50;
	objects = {

/* Begin PBXBuildFile section */
		E35325E227EEC7940036B2B7 /* AppDelegate.swift in Sources */ = {isa = PBXBuildFile; fileRef = E35325E127EEC7940036B2B7 /* AppDelegate.swift */; };
		E35325E427EEC7940036B2B7 /* SceneDelegate.swift in Sources */ = {isa = PBXBuildFile; fileRef = E35325E327EEC7940036B2B7 /* SceneDelegate.swift */; };
		E35325E627EEC7940036B2B7 /* ViewController.swift in Sources */ = {isa = PBXBuildFile; fileRef = E35325E527EEC7940036B2B7 /* ViewController.swift */; };
		E35325E927EEC7940036B2B7 /* Main.storyboard in Resources */ = {isa = PBXBuildFile; fileRef = E35325E727EEC7940036B2B7 /* Main.storyboard */; };
		E35325EB27EEC7A60036B2B7 /* Assets.xcassets in Resources */ = {isa = PBXBuildFile; fileRef = E35325EA27EEC7A60036B2B7 /* Assets.xcassets */; };
		E35325EE27EEC7A60036B2B7 /* LaunchScreen.storyboard in Resources */ = {isa = PBXBuildFile; fileRef = E35325EC27EEC7A60036B2B7 /* LaunchScreen.storyboard */; };
		E35325F927EEC7A60036B2B7 /* PastagramTests.swift in Sources */ = {isa = PBXBuildFile; fileRef = E35325F827EEC7A60036B2B7 /* PastagramTests.swift */; };
		E353260427EEC7A60036B2B7 /* PastagramUITests.swift in Sources */ = {isa = PBXBuildFile; fileRef = E353260327EEC7A60036B2B7 /* PastagramUITests.swift */; };
/* End PBXBuildFile section */

/* Begin PBXContainerItemProxy section */
		E35325F527EEC7A60036B2B7 /* PBXContainerItemProxy */ = {
			isa = PBXContainerItemProxy;
			containerPortal = E35325D627EEC7940036B2B7 /* Project object */;
			proxyType = 1;
			remoteGlobalIDString = E35325DD27EEC7940036B2B7;
			remoteInfo = Pastagram;
		};
		E353260027EEC7A60036B2B7 /* PBXContainerItemProxy */ = {
			isa = PBXContainerItemProxy;
			containerPortal = E35325D627EEC7940036B2B7 /* Project object */;
			proxyType = 1;
			remoteGlobalIDString = E35325DD27EEC7940036B2B7;
			remoteInfo = Pastagram;
		};
/* End PBXContainerItemProxy section */

/* Begin PBXFileReference section */
		E35325DE27EEC7940036B2B7 /* Pastagram.app */ = {isa = PBXFileReference; explicitFileType = wrapper.application; includeInIndex = 0; path = Pastagram.app; sourceTree = BUILT_PRODUCTS_DIR; };
		E35325E127EEC7940036B2B7 /* AppDelegate.swift */ = {isa = PBXFileReference; lastKnownFileType = sourcecode.swift; path = AppDelegate.swift; sourceTree = "<group>"; };
		E35325E327EEC7940036B2B7 /* SceneDelegate.swift */ = {isa = PBXFileReference; lastKnownFileType = sourcecode.swift; path = SceneDelegate.swift; sourceTree = "<group>"; };
		E35325E527EEC7940036B2B7 /* ViewController.swift */ = {isa = PBXFileReference; lastKnownFileType = sourcecode.swift; path = ViewController.swift; sourceTree = "<group>"; };
		E35325E827EEC7940036B2B7 /* Base */ = {isa = PBXFileReference; lastKnownFileType = file.storyboard; name = Base; path = Base.lproj/Main.storyboard; sourceTree = "<group>"; };
		E35325EA27EEC7A60036B2B7 /* Assets.xcassets */ = {isa = PBXFileReference; lastKnownFileType = folder.assetcatalog; path = Assets.xcassets; sourceTree = "<group>"; };
		E35325ED27EEC7A60036B2B7 /* Base */ = {isa = PBXFileReference; lastKnownFileType = file.storyboard; name = Base; path = Base.lproj/LaunchScreen.storyboard; sourceTree = "<group>"; };
		E35325EF27EEC7A60036B2B7 /* Info.plist */ = {isa = PBXFileReference; lastKnownFileType = text.plist.xml; path = Info.plist; sourceTree = "<group>"; };
		E35325F427EEC7A60036B2B7 /* PastagramTests.xctest */ = {isa = PBXFileReference; explicitFileType = wrapper.cfbundle; includeInIndex = 0; path = PastagramTests.xctest; sourceTree = BUILT_PRODUCTS_DIR; };
		E35325F827EEC7A60036B2B7 /* PastagramTests.swift */ = {isa = PBXFileReference; lastKnownFileType = sourcecode.swift; path = PastagramTests.swift; sourceTree = "<group>"; };
		E35325FA27EEC7A60036B2B7 /* Info.plist */ = {isa = PBXFileReference; lastKnownFileType = text.plist.xml; path = Info.plist; sourceTree = "<group>"; };
		E35325FF27EEC7A60036B2B7 /* PastagramUITests.xctest */ = {isa = PBXFileReference; explicitFileType = wrapper.cfbundle; includeInIndex = 0; path = PastagramUITests.xctest; sourceTree = BUILT_PRODUCTS_DIR; };
		E353260327EEC7A60036B2B7 /* PastagramUITests.swift */ = {isa = PBXFileReference; lastKnownFileType = sourcecode.swift; path = PastagramUITests.swift; sourceTree = "<group>"; };
		E353260527EEC7A60036B2B7 /* Info.plist */ = {isa = PBXFileReference; lastKnownFileType = text.plist.xml; path = Info.plist; sourceTree = "<group>"; };
/* End PBXFileReference section */

/* Begin PBXFrameworksBuildPhase section */
		E35325DB27EEC7940036B2B7 /* Frameworks */ = {
			isa = PBXFrameworksBuildPhase;
			buildActionMask = 2147483647;
			files = (
			);
			runOnlyForDeploymentPostprocessing = 0;
		};
		E35325F127EEC7A60036B2B7 /* Frameworks */ = {
			isa = PBXFrameworksBuildPhase;
			buildActionMask = 2147483647;
			files = (
			);
			runOnlyForDeploymentPostprocessing = 0;
		};
		E35325FC27EEC7A60036B2B7 /* Frameworks */ = {
			isa = PBXFrameworksBuildPhase;
			buildActionMask = 2147483647;
			files = (
			);
			runOnlyForDeploymentPostprocessing = 0;
		};
/* End PBXFrameworksBuildPhase section */

/* Begin PBXGroup section */
		E35325D527EEC7940036B2B7 = {
			isa = PBXGroup;
			children = (
				E35325E027EEC7940036B2B7 /* Pastagram */,
				E35325F727EEC7A60036B2B7 /* PastagramTests */,
				E353260227EEC7A60036B2B7 /* PastagramUITests */,
				E35325DF27EEC7940036B2B7 /* Products */,
			);
			sourceTree = "<group>";
		};
		E35325DF27EEC7940036B2B7 /* Products */ = {
			isa = PBXGroup;
			children = (
				E35325DE27EEC7940036B2B7 /* Pastagram.app */,
				E35325F427EEC7A60036B2B7 /* PastagramTests.xctest */,
				E35325FF27EEC7A60036B2B7 /* PastagramUITests.xctest */,
			);
			name = Products;
			sourceTree = "<group>";
		};
		E35325E027EEC7940036B2B7 /* Pastagram */ = {
			isa = PBXGroup;
			children = (
				E35325E127EEC7940036B2B7 /* AppDelegate.swift */,
				E35325E327EEC7940036B2B7 /* SceneDelegate.swift */,
				E35325E527EEC7940036B2B7 /* ViewController.swift */,
				E35325E727EEC7940036B2B7 /* Main.storyboard */,
				E35325EA27EEC7A60036B2B7 /* Assets.xcassets */,
				E35325EC27EEC7A60036B2B7 /* LaunchScreen.storyboard */,
				E35325EF27EEC7A60036B2B7 /* Info.plist */,
			);
			path = Pastagram;
			sourceTree = "<group>";
		};
		E35325F727EEC7A60036B2B7 /* PastagramTests */ = {
			isa = PBXGroup;
			children = (
				E35325F827EEC7A60036B2B7 /* PastagramTests.swift */,
				E35325FA27EEC7A60036B2B7 /* Info.plist */,
			);
			path = PastagramTests;
			sourceTree = "<group>";
		};
		E353260227EEC7A60036B2B7 /* PastagramUITests */ = {
			isa = PBXGroup;
			children = (
				E353260327EEC7A60036B2B7 /* PastagramUITests.swift */,
				E353260527EEC7A60036B2B7 /* Info.plist */,
			);
			path = PastagramUITests;
			sourceTree = "<group>";
		};
/* End PBXGroup section */

/* Begin PBXNativeTarget section */
		E35325DD27EEC7940036B2B7 /* Pastagram */ = {
			isa = PBXNativeTarget;
			buildConfigurationList = E353260827EEC7A60036B2B7 /* Build configuration list for PBXNativeTarget "Pastagram" */;
			buildPhases = (
				E35325DA27EEC7940036B2B7 /* Sources */,
				E35325DB27EEC7940036B2B7 /* Frameworks */,
				E35325DC27EEC7940036B2B7 /* Resources */,
			);
			buildRules = (
			);
			dependencies = (
			);
			name = Pastagram;
			productName = Pastagram;
			productReference = E35325DE27EEC7940036B2B7 /* Pastagram.app */;
			productType = "com.apple.product-type.application";
		};
		E35325F327EEC7A60036B2B7 /* PastagramTests */ = {
			isa = PBXNativeTarget;
			buildConfigurationList = E353260B27EEC7A60036B2B7 /* Build configuration list for PBXNativeTarget "PastagramTests" */;
			buildPhases = (
				E35325F027EEC7A60036B2B7 /* Sources */,
				E35325F127EEC7A60036B2B7 /* Frameworks */,
				E35325F227EEC7A60036B2B7 /* Resources */,
			);
			buildRules = (
			);
			dependencies = (
				E35325F627EEC7A60036B2B7 /* PBXTargetDependency */,
			);
			name = PastagramTests;
			productName = PastagramTests;
			productReference = E35325F427EEC7A60036B2B7 /* PastagramTests.xctest */;
			productType = "com.apple.product-type.bundle.unit-test";
		};
		E35325FE27EEC7A60036B2B7 /* PastagramUITests */ = {
			isa = PBXNativeTarget;
			buildConfigurationList = E353260E27EEC7A60036B2B7 /* Build configuration list for PBXNativeTarget "PastagramUITests" */;
			buildPhases = (
				E35325FB27EEC7A60036B2B7 /* Sources */,
				E35325FC27EEC7A60036B2B7 /* Frameworks */,
				E35325FD27EEC7A60036B2B7 /* Resources */,
			);
			buildRules = (
			);
			dependencies = (
				E353260127EEC7A60036B2B7 /* PBXTargetDependency */,
			);
			name = PastagramUITests;
			productName = PastagramUITests;
			productReference = E35325FF27EEC7A60036B2B7 /* PastagramUITests.xctest */;
			productType = "com.apple.product-type.bundle.ui-testing";
		};
/* End PBXNativeTarget section */

/* Begin PBXProject section */
		E35325D627EEC7940036B2B7 /* Project object */ = {
			isa = PBXProject;
			attributes = {
				LastSwiftUpdateCheck = 1240;
				LastUpgradeCheck = 1240;
				TargetAttributes = {
					E35325DD27EEC7940036B2B7 = {
						CreatedOnToolsVersion = 12.4;
					};
					E35325F327EEC7A60036B2B7 = {
						CreatedOnToolsVersion = 12.4;
						TestTargetID = E35325DD27EEC7940036B2B7;
					};
					E35325FE27EEC7A60036B2B7 = {
						CreatedOnToolsVersion = 12.4;
						TestTargetID = E35325DD27EEC7940036B2B7;
					};
				};
			};
			buildConfigurationList = E35325D927EEC7940036B2B7 /* Build configuration list for PBXProject "Pastagram" */;
			compatibilityVersion = "Xcode 9.3";
			developmentRegion = en;
			hasScannedForEncodings = 0;
			knownRegions = (
				en,
				Base,
			);
			mainGroup = E35325D527EEC7940036B2B7;
			productRefGroup = E35325DF27EEC7940036B2B7 /* Products */;
			projectDirPath = "";
			projectRoot = "";
			targets = (
				E35325DD27EEC7940036B2B7 /* Pastagram */,
				E35325F327EEC7A60036B2B7 /* PastagramTests */,
				E35325FE27EEC7A60036B2B7 /* PastagramUITests */,
			);
		};
/* End PBXProject section */

/* Begin PBXResourcesBuildPhase section */
		E35325DC27EEC7940036B2B7 /* Resources */ = {
			isa = PBXResourcesBuildPhase;
			buildActionMask = 2147483647;
			files = (
				E35325EE27EEC7A60036B2B7 /* LaunchScreen.storyboard in Resources */,
				E35325EB27EEC7A60036B2B7 /* Assets.xcassets in Resources */,
				E35325E927EEC7940036B2B7 /* Main.storyboard in Resources */,
			);
			runOnlyForDeploymentPostprocessing = 0;
		};
		E35325F227EEC7A60036B2B7 /* Resources */ = {
			isa = PBXResourcesBuildPhase;
			buildActionMask = 2147483647;
			files = (
			);
			runOnlyForDeploymentPostprocessing = 0;
		};
		E35325FD27EEC7A60036B2B7 /* Resources */ = {
			isa = PBXResourcesBuildPhase;
			buildActionMask = 2147483647;
			files = (
			);
			runOnlyForDeploymentPostprocessing = 0;
		};
/* End PBXResourcesBuildPhase section */

/* Begin PBXSourcesBuildPhase section */
		E35325DA27EEC7940036B2B7 /* Sources */ = {
			isa = PBXSourcesBuildPhase;
			buildActionMask = 2147483647;
			files = (
				E35325E627EEC7940036B2B7 /* ViewController.swift in Sources */,
				E35325E227EEC7940036B2B7 /* AppDelegate.swift in Sources */,
				E35325E427EEC7940036B2B7 /* SceneDelegate.swift in Sources */,
			);
			runOnlyForDeploymentPostprocessing = 0;
		};
		E35325F027EEC7A60036B2B7 /* Sources */ = {
			isa = PBXSourcesBuildPhase;
			buildActionMask = 2147483647;
			files = (
				E35325F927EEC7A60036B2B7 /* PastagramTests.swift in Sources */,
			);
			runOnlyForDeploymentPostprocessing = 0;
		};
		E35325FB27EEC7A60036B2B7 /* Sources */ = {
			isa = PBXSourcesBuildPhase;
			buildActionMask = 2147483647;
			files = (
				E353260427EEC7A60036B2B7 /* PastagramUITests.swift in Sources */,
			);
			runOnlyForDeploymentPostprocessing = 0;
		};
/* End PBXSourcesBuildPhase section */

/* Begin PBXTargetDependency section */
		E35325F627EEC7A60036B2B7 /* PBXTargetDependency */ = {
			isa = PBXTargetDependency;
			target = E35325DD27EEC7940036B2B7 /* Pastagram */;
			targetProxy = E35325F527EEC7A60036B2B7 /* PBXContainerItemProxy */;
		};
		E353260127EEC7A60036B2B7 /* PBXTargetDependency */ = {
			isa = PBXTargetDependency;
			target = E35325DD27EEC7940036B2B7 /* Pastagram */;
			targetProxy = E353260027EEC7A60036B2B7 /* PBXContainerItemProxy */;
		};
/* End PBXTargetDependency section */

/* Begin PBXVariantGroup section */
		E35325E727EEC7940036B2B7 /* Main.storyboard */ = {
			isa = PBXVariantGroup;
			children = (
				E35325E827EEC7940036B2B7 /* Base */,
			);
			name = Main.storyboard;
			sourceTree = "<group>";
		};
		E35325EC27EEC7A60036B2B7 /* LaunchScreen.storyboard */ = {
			isa = PBXVariantGroup;
			children = (
				E35325ED27EEC7A60036B2B7 /* Base */,
			);
			name = LaunchScreen.storyboard;
			sourceTree = "<group>";
		};
/* End PBXVariantGroup section */

/* Begin XCBuildConfiguration section */
		E353260627EEC7A60036B2B7 /* Debug */ = {
			isa = XCBuildConfiguration;
			buildSettings = {
				ALWAYS_SEARCH_USER_PATHS = NO;
				CLANG_ANALYZER_NONNULL = YES;
				CLANG_ANALYZER_NUMBER_OBJECT_CONVERSION = YES_AGGRESSIVE;
				CLANG_CXX_LANGUAGE_STANDARD = "gnu++14";
				CLANG_CXX_LIBRARY = "libc++";
				CLANG_ENABLE_MODULES = YES;
				CLANG_ENABLE_OBJC_ARC = YES;
				CLANG_ENABLE_OBJC_WEAK = YES;
				CLANG_WARN_BLOCK_CAPTURE_AUTORELEASING = YES;
				CLANG_WARN_BOOL_CONVERSION = YES;
				CLANG_WARN_COMMA = YES;
				CLANG_WARN_CONSTANT_CONVERSION = YES;
				CLANG_WARN_DEPRECATED_OBJC_IMPLEMENTATIONS = YES;
				CLANG_WARN_DIRECT_OBJC_ISA_USAGE = YES_ERROR;
				CLANG_WARN_DOCUMENTATION_COMMENTS = YES;
				CLANG_WARN_EMPTY_BODY = YES;
				CLANG_WARN_ENUM_CONVERSION = YES;
				CLANG_WARN_INFINITE_RECURSION = YES;
				CLANG_WARN_INT_CONVERSION = YES;
				CLANG_WARN_NON_LITERAL_NULL_CONVERSION = YES;
				CLANG_WARN_OBJC_IMPLICIT_RETAIN_SELF = YES;
				CLANG_WARN_OBJC_LITERAL_CONVERSION = YES;
				CLANG_WARN_OBJC_ROOT_CLASS = YES_ERROR;
				CLANG_WARN_QUOTED_INCLUDE_IN_FRAMEWORK_HEADER = YES;
				CLANG_WARN_RANGE_LOOP_ANALYSIS = YES;
				CLANG_WARN_STRICT_PROTOTYPES = YES;
				CLANG_WARN_SUSPICIOUS_MOVE = YES;
				CLANG_WARN_UNGUARDED_AVAILABILITY = YES_AGGRESSIVE;
				CLANG_WARN_UNREACHABLE_CODE = YES;
				CLANG_WARN__DUPLICATE_METHOD_MATCH = YES;
				COPY_PHASE_STRIP = NO;
				DEBUG_INFORMATION_FORMAT = dwarf;
				ENABLE_STRICT_OBJC_MSGSEND = YES;
				ENABLE_TESTABILITY = YES;
				GCC_C_LANGUAGE_STANDARD = gnu11;
				GCC_DYNAMIC_NO_PIC = NO;
				GCC_NO_COMMON_BLOCKS = YES;
				GCC_OPTIMIZATION_LEVEL = 0;
				GCC_PREPROCESSOR_DEFINITIONS = (
					"DEBUG=1",
					"$(inherited)",
				);
				GCC_WARN_64_TO_32_BIT_CONVERSION = YES;
				GCC_WARN_ABOUT_RETURN_TYPE = YES_ERROR;
				GCC_WARN_UNDECLARED_SELECTOR = YES;
				GCC_WARN_UNINITIALIZED_AUTOS = YES_AGGRESSIVE;
				GCC_WARN_UNUSED_FUNCTION = YES;
				GCC_WARN_UNUSED_VARIABLE = YES;
				IPHONEOS_DEPLOYMENT_TARGET = 14.4;
				MTL_ENABLE_DEBUG_INFO = INCLUDE_SOURCE;
				MTL_FAST_MATH = YES;
				ONLY_ACTIVE_ARCH = YES;
				SDKROOT = iphoneos;
				SWIFT_ACTIVE_COMPILATION_CONDITIONS = DEBUG;
				SWIFT_OPTIMIZATION_LEVEL = "-Onone";
			};
			name = Debug;
		};
		E353260727EEC7A60036B2B7 /* Release */ = {
			isa = XCBuildConfiguration;
			buildSettings = {
				ALWAYS_SEARCH_USER_PATHS = NO;
				CLANG_ANALYZER_NONNULL = YES;
				CLANG_ANALYZER_NUMBER_OBJECT_CONVERSION = YES_AGGRESSIVE;
				CLANG_CXX_LANGUAGE_STANDARD = "gnu++14";
				CLANG_CXX_LIBRARY = "libc++";
				CLANG_ENABLE_MODULES = YES;
				CLANG_ENABLE_OBJC_ARC = YES;
				CLANG_ENABLE_OBJC_WEAK = YES;
				CLANG_WARN_BLOCK_CAPTURE_AUTORELEASING = YES;
				CLANG_WARN_BOOL_CONVERSION = YES;
				CLANG_WARN_COMMA = YES;
				CLANG_WARN_CONSTANT_CONVERSION = YES;
				CLANG_WARN_DEPRECATED_OBJC_IMPLEMENTATIONS = YES;
				CLANG_WARN_DIRECT_OBJC_ISA_USAGE = YES_ERROR;
				CLANG_WARN_DOCUMENTATION_COMMENTS = YES;
				CLANG_WARN_EMPTY_BODY = YES;
				CLANG_WARN_ENUM_CONVERSION = YES;
				CLANG_WARN_INFINITE_RECURSION = YES;
				CLANG_WARN_INT_CONVERSION = YES;
				CLANG_WARN_NON_LITERAL_NULL_CONVERSION = YES;
				CLANG_WARN_OBJC_IMPLICIT_RETAIN_SELF = YES;
				CLANG_WARN_OBJC_LITERAL_CONVERSION = YES;
				CLANG_WARN_OBJC_ROOT_CLASS = YES_ERROR;
				CLANG_WARN_QUOTED_INCLUDE_IN_FRAMEWORK_HEADER = YES;
				CLANG_WARN_RANGE_LOOP_ANALYSIS = YES;
				CLANG_WARN_STRICT_PROTOTYPES = YES;
				CLANG_WARN_SUSPICIOUS_MOVE = YES;
				CLANG_WARN_UNGUARDED_AVAILABILITY = YES_AGGRESSIVE;
				CLANG_WARN_UNREACHABLE_CODE = YES;
				CLANG_WARN__DUPLICATE_METHOD_MATCH = YES;
				COPY_PHASE_STRIP = NO;
				DEBUG_INFORMATION_FORMAT = "dwarf-with-dsym";
				ENABLE_NS_ASSERTIONS = NO;
				ENABLE_STRICT_OBJC_MSGSEND = YES;
				GCC_C_LANGUAGE_STANDARD = gnu11;
				GCC_NO_COMMON_BLOCKS = YES;
				GCC_WARN_64_TO_32_BIT_CONVERSION = YES;
				GCC_WARN_ABOUT_RETURN_TYPE = YES_ERROR;
				GCC_WARN_UNDECLARED_SELECTOR = YES;
				GCC_WARN_UNINITIALIZED_AUTOS = YES_AGGRESSIVE;
				GCC_WARN_UNUSED_FUNCTION = YES;
				GCC_WARN_UNUSED_VARIABLE = YES;
				IPHONEOS_DEPLOYMENT_TARGET = 14.4;
				MTL_ENABLE_DEBUG_INFO = NO;
				MTL_FAST_MATH = YES;
				SDKROOT = iphoneos;
				SWIFT_COMPILATION_MODE = wholemodule;
				SWIFT_OPTIMIZATION_LEVEL = "-O";
				VALIDATE_PRODUCT = YES;
			};
			name = Release;
		};
		E353260927EEC7A60036B2B7 /* Debug */ = {
			isa = XCBuildConfiguration;
			buildSettings = {
				ASSETCATALOG_COMPILER_APPICON_NAME = AppIcon;
				ASSETCATALOG_COMPILER_GLOBAL_ACCENT_COLOR_NAME = AccentColor;
				CODE_SIGN_STYLE = Automatic;
				INFOPLIST_FILE = Pastagram/Info.plist;
				LD_RUNPATH_SEARCH_PATHS = (
					"$(inherited)",
					"@executable_path/Frameworks",
				);
				PRODUCT_BUNDLE_IDENTIFIER = memo.com.Pastagram;
				PRODUCT_NAME = "$(TARGET_NAME)";
				SWIFT_VERSION = 5.0;
				TARGETED_DEVICE_FAMILY = "1,2";
			};
			name = Debug;
		};
		E353260A27EEC7A60036B2B7 /* Release */ = {
			isa = XCBuildConfiguration;
			buildSettings = {
				ASSETCATALOG_COMPILER_APPICON_NAME = AppIcon;
				ASSETCATALOG_COMPILER_GLOBAL_ACCENT_COLOR_NAME = AccentColor;
				CODE_SIGN_STYLE = Automatic;
				INFOPLIST_FILE = Pastagram/Info.plist;
				LD_RUNPATH_SEARCH_PATHS = (
					"$(inherited)",
					"@executable_path/Frameworks",
				);
				PRODUCT_BUNDLE_IDENTIFIER = memo.com.Pastagram;
				PRODUCT_NAME = "$(TARGET_NAME)";
				SWIFT_VERSION = 5.0;
				TARGETED_DEVICE_FAMILY = "1,2";
			};
			name = Release;
		};
		E353260C27EEC7A60036B2B7 /* Debug */ = {
			isa = XCBuildConfiguration;
			buildSettings = {
				ALWAYS_EMBED_SWIFT_STANDARD_LIBRARIES = YES;
				BUNDLE_LOADER = "$(TEST_HOST)";
				CODE_SIGN_STYLE = Automatic;
				INFOPLIST_FILE = PastagramTests/Info.plist;
				IPHONEOS_DEPLOYMENT_TARGET = 14.4;
				LD_RUNPATH_SEARCH_PATHS = (
					"$(inherited)",
					"@executable_path/Frameworks",
					"@loader_path/Frameworks",
				);
				PRODUCT_BUNDLE_IDENTIFIER = memo.com.PastagramTests;
				PRODUCT_NAME = "$(TARGET_NAME)";
				SWIFT_VERSION = 5.0;
				TARGETED_DEVICE_FAMILY = "1,2";
				TEST_HOST = "$(BUILT_PRODUCTS_DIR)/Pastagram.app/Pastagram";
			};
			name = Debug;
		};
		E353260D27EEC7A60036B2B7 /* Release */ = {
			isa = XCBuildConfiguration;
			buildSettings = {
				ALWAYS_EMBED_SWIFT_STANDARD_LIBRARIES = YES;
				BUNDLE_LOADER = "$(TEST_HOST)";
				CODE_SIGN_STYLE = Automatic;
				INFOPLIST_FILE = PastagramTests/Info.plist;
				IPHONEOS_DEPLOYMENT_TARGET = 14.4;
				LD_RUNPATH_SEARCH_PATHS = (
					"$(inherited)",
					"@executable_path/Frameworks",
					"@loader_path/Frameworks",
				);
				PRODUCT_BUNDLE_IDENTIFIER = memo.com.PastagramTests;
				PRODUCT_NAME = "$(TARGET_NAME)";
				SWIFT_VERSION = 5.0;
				TARGETED_DEVICE_FAMILY = "1,2";
				TEST_HOST = "$(BUILT_PRODUCTS_DIR)/Pastagram.app/Pastagram";
			};
			name = Release;
		};
		E353260F27EEC7A60036B2B7 /* Debug */ = {
			isa = XCBuildConfiguration;
			buildSettings = {
				ALWAYS_EMBED_SWIFT_STANDARD_LIBRARIES = YES;
				CODE_SIGN_STYLE = Automatic;
				INFOPLIST_FILE = PastagramUITests/Info.plist;
				LD_RUNPATH_SEARCH_PATHS = (
					"$(inherited)",
					"@executable_path/Frameworks",
					"@loader_path/Frameworks",
				);
				PRODUCT_BUNDLE_IDENTIFIER = memo.com.PastagramUITests;
				PRODUCT_NAME = "$(TARGET_NAME)";
				SWIFT_VERSION = 5.0;
				TARGETED_DEVICE_FAMILY = "1,2";
				TEST_TARGET_NAME = Pastagram;
			};
			name = Debug;
		};
		E353261027EEC7A60036B2B7 /* Release */ = {
			isa = XCBuildConfiguration;
			buildSettings = {
				ALWAYS_EMBED_SWIFT_STANDARD_LIBRARIES = YES;
				CODE_SIGN_STYLE = Automatic;
				INFOPLIST_FILE = PastagramUITests/Info.plist;
				LD_RUNPATH_SEARCH_PATHS = (
					"$(inherited)",
					"@executable_path/Frameworks",
					"@loader_path/Frameworks",
				);
				PRODUCT_BUNDLE_IDENTIFIER = memo.com.PastagramUITests;
				PRODUCT_NAME = "$(TARGET_NAME)";
				SWIFT_VERSION = 5.0;
				TARGETED_DEVICE_FAMILY = "1,2";
				TEST_TARGET_NAME = Pastagram;
			};
			name = Release;
		};
/* End XCBuildConfiguration section */

/* Begin XCConfigurationList section */
		E35325D927EEC7940036B2B7 /* Build configuration list for PBXProject "Pastagram" */ = {
			isa = XCConfigurationList;
			buildConfigurations = (
				E353260627EEC7A60036B2B7 /* Debug */,
				E353260727EEC7A60036B2B7 /* Release */,
			);
			defaultConfigurationIsVisible = 0;
			defaultConfigurationName = Release;
		};
		E353260827EEC7A60036B2B7 /* Build configuration list for PBXNativeTarget "Pastagram" */ = {
			isa = XCConfigurationList;
			buildConfigurations = (
				E353260927EEC7A60036B2B7 /* Debug */,
				E353260A27EEC7A60036B2B7 /* Release */,
			);
			defaultConfigurationIsVisible = 0;
			defaultConfigurationName = Release;
		};
		E353260B27EEC7A60036B2B7 /* Build configuration list for PBXNativeTarget "PastagramTests" */ = {
			isa = XCConfigurationList;
			buildConfigurations = (
				E353260C27EEC7A60036B2B7 /* Debug */,
				E353260D27EEC7A60036B2B7 /* Release */,
			);
			defaultConfigurationIsVisible = 0;
			defaultConfigurationName = Release;
		};
		E353260E27EEC7A60036B2B7 /* Build configuration list for PBXNativeTarget "PastagramUITests" */ = {
			isa = XCConfigurationList;
			buildConfigurations = (
				E353260F27EEC7A60036B2B7 /* Debug */,
				E353261027EEC7A60036B2B7 /* Release */,
			);
			defaultConfigurationIsVisible = 0;
			defaultConfigurationName = Release;
		};
/* End XCConfigurationList section */
	};
	rootObject = E35325D627EEC7940036B2B7 /* Project object */;
}
